PODS:
  - AFNetworking (1.3.4)
  - FlurrySDK (4.3.2):
    - FlurrySDK/FlurrySDK (= 4.3.2)
  - FlurrySDK/FlurrySDK (4.3.2)
  - SSPullToRefresh (1.2.0)

DEPENDENCIES:
  - AFNetworking (~> 1.3.3)
  - FlurrySDK (~> 4.3.0)
  - SSPullToRefresh (= 1.2.0)

SPEC CHECKSUMS:
  AFNetworking: cf8e418e16f0c9c7e5c3150d019a3c679d015018
  FlurrySDK: 9f09e57ee8f01296bd547950433384da192ea680
  SSPullToRefresh: d32c6af9cfcfbc737265cd9ff8848c29c1aa5b5d

COCOAPODS: 0.37.2
