PODS:
  - AFNetworking (1.3.4)
  - FlurrySDK (4.3.2):
    - FlurrySDK/FlurrySDK
  - FlurrySDK/FlurrySDK (4.3.2)
  - SSPullToRefresh (1.2.0)

DEPENDENCIES:
  - AFNetworking (~> 1.3.3)
  - FlurrySDK (~> 4.3.0)
  - SSPullToRefresh (~> 1.2.0)

SPEC CHECKSUMS:
  AFNetworking: 80c4e0652b08eb34e25b9c0ff3c82556fe5967b4
  FlurrySDK: e66cbd5487c7da2c85c6d605fde59f36db4b87e1
  SSPullToRefresh: bb513a1ccbf08fdd67e4139bc1bbe3fc2ed34228

COCOAPODS: 0.33.1
